
Microsoft Visual Studio Solution File, Format Version 12.00
# Visual Studio 15
VisualStudioVersion = 15.0.28010.2048
MinimumVisualStudioVersion = 10.0.40219.1
Project("{9A19103F-16F7-4668-BE54-9A1E7A4F7556}") = "Task1", "Task1\Task1.csproj", "{11D4230D-5651-44CB-87AF-498C3BB6C713}"
EndProject
Project("{9A19103F-16F7-4668-BE54-9A1E7A4F7556}") = "Task2", "Task2\Task2.csproj", "{07DE372A-0122-4CDD-9727-6C901D2DFCE3}"
EndProject
Project("{9A19103F-16F7-4668-BE54-9A1E7A4F7556}") = "Task3", "Task3\Task3.csproj", "{52F32BC7-77C3-4F80-ABBA-8B0ED938DF95}"
EndProject
Project("{FAE04EC0-301F-11D3-BF4B-00C04F79EFBC}") = "Task4", "Task4\Task4.csproj", "{44DB911B-706B-48FD-93E5-63B1C5B14ED6}"
EndProject
Project("{FAE04EC0-301F-11D3-BF4B-00C04F79EFBC}") = "Task5", "Task5\Task5.csproj", "{BF7F4F7F-00CA-424A-AEA0-1CC924EB3735}"
EndProject
Project("{FAE04EC0-301F-11D3-BF4B-00C04F79EFBC}") = "Task6", "Task6\Task6.csproj", "{EDCB6B03-E19A-44EC-9526-FDC1BBACCFB9}"
EndProject
Project("{FAE04EC0-301F-11D3-BF4B-00C04F79EFBC}") = "Task7", "Task7\Task7.csproj", "{3B056335-A123-4F6F-8C23-30F93AE6E3A4}"
EndProject
Project("{FAE04EC0-301F-11D3-BF4B-00C04F79EFBC}") = "Task8", "Task8\Task8.csproj", "{83184250-B442-4A90-B63C-A256BEB4885E}"
EndProject
Project("{FAE04EC0-301F-11D3-BF4B-00C04F79EFBC}") = "Task9", "Task9\Task9.csproj", "{D0D915B8-BFE4-4C1E-83D5-7B07FECD2CB5}"
EndProject
Project("{FAE04EC0-301F-11D3-BF4B-00C04F79EFBC}") = "Task10", "Task10\Task10.csproj", "{B2229B2A-3B6E-4F45-9E62-504BACBA812F}"
EndProject
Project("{FAE04EC0-301F-11D3-BF4B-00C04F79EFBC}") = "Task11", "Task11\Task11.csproj", "{FD056B87-2499-4BF0-9E99-5046A8DFF593}"
EndProject
Project("{FAE04EC0-301F-11D3-BF4B-00C04F79EFBC}") = "Task12", "Task12\Task12.csproj", "{AEB2C258-7EC1-4F7E-B2F3-78F8B4862A12}"
EndProject
Project("{FAE04EC0-301F-11D3-BF4B-00C04F79EFBC}") = "Task13", "Task13\Task13.csproj", "{347ABBBF-2BD2-4263-A275-527F6EBB49B7}"
EndProject
Global
	GlobalSection(SolutionConfigurationPlatforms) = preSolution
		Debug|Any CPU = Debug|Any CPU
		Release|Any CPU = Release|Any CPU
	EndGlobalSection
	GlobalSection(ProjectConfigurationPlatforms) = postSolution
		{11D4230D-5651-44CB-87AF-498C3BB6C713}.Debug|Any CPU.ActiveCfg = Debug|Any CPU
		{11D4230D-5651-44CB-87AF-498C3BB6C713}.Debug|Any CPU.Build.0 = Debug|Any CPU
		{11D4230D-5651-44CB-87AF-498C3BB6C713}.Release|Any CPU.ActiveCfg = Release|Any CPU
		{11D4230D-5651-44CB-87AF-498C3BB6C713}.Release|Any CPU.Build.0 = Release|Any CPU
		{07DE372A-0122-4CDD-9727-6C901D2DFCE3}.Debug|Any CPU.ActiveCfg = Debug|Any CPU
		{07DE372A-0122-4CDD-9727-6C901D2DFCE3}.Debug|Any CPU.Build.0 = Debug|Any CPU
		{07DE372A-0122-4CDD-9727-6C901D2DFCE3}.Release|Any CPU.ActiveCfg = Release|Any CPU
		{07DE372A-0122-4CDD-9727-6C901D2DFCE3}.Release|Any CPU.Build.0 = Release|Any CPU
		{52F32BC7-77C3-4F80-ABBA-8B0ED938DF95}.Debug|Any CPU.ActiveCfg = Debug|Any CPU
		{52F32BC7-77C3-4F80-ABBA-8B0ED938DF95}.Debug|Any CPU.Build.0 = Debug|Any CPU
		{52F32BC7-77C3-4F80-ABBA-8B0ED938DF95}.Release|Any CPU.ActiveCfg = Release|Any CPU
		{52F32BC7-77C3-4F80-ABBA-8B0ED938DF95}.Release|Any CPU.Build.0 = Release|Any CPU
		{44DB911B-706B-48FD-93E5-63B1C5B14ED6}.Debug|Any CPU.ActiveCfg = Debug|Any CPU
		{44DB911B-706B-48FD-93E5-63B1C5B14ED6}.Debug|Any CPU.Build.0 = Debug|Any CPU
		{44DB911B-706B-48FD-93E5-63B1C5B14ED6}.Release|Any CPU.ActiveCfg = Release|Any CPU
		{44DB911B-706B-48FD-93E5-63B1C5B14ED6}.Release|Any CPU.Build.0 = Release|Any CPU
		{BF7F4F7F-00CA-424A-AEA0-1CC924EB3735}.Debug|Any CPU.ActiveCfg = Debug|Any CPU
		{BF7F4F7F-00CA-424A-AEA0-1CC924EB3735}.Debug|Any CPU.Build.0 = Debug|Any CPU
		{BF7F4F7F-00CA-424A-AEA0-1CC924EB3735}.Release|Any CPU.ActiveCfg = Release|Any CPU
		{BF7F4F7F-00CA-424A-AEA0-1CC924EB3735}.Release|Any CPU.Build.0 = Release|Any CPU
		{EDCB6B03-E19A-44EC-9526-FDC1BBACCFB9}.Debug|Any CPU.ActiveCfg = Debug|Any CPU
		{EDCB6B03-E19A-44EC-9526-FDC1BBACCFB9}.Debug|Any CPU.Build.0 = Debug|Any CPU
		{EDCB6B03-E19A-44EC-9526-FDC1BBACCFB9}.Release|Any CPU.ActiveCfg = Release|Any CPU
		{EDCB6B03-E19A-44EC-9526-FDC1BBACCFB9}.Release|Any CPU.Build.0 = Release|Any CPU
		{3B056335-A123-4F6F-8C23-30F93AE6E3A4}.Debug|Any CPU.ActiveCfg = Debug|Any CPU
		{3B056335-A123-4F6F-8C23-30F93AE6E3A4}.Debug|Any CPU.Build.0 = Debug|Any CPU
		{3B056335-A123-4F6F-8C23-30F93AE6E3A4}.Release|Any CPU.ActiveCfg = Release|Any CPU
		{3B056335-A123-4F6F-8C23-30F93AE6E3A4}.Release|Any CPU.Build.0 = Release|Any CPU
		{83184250-B442-4A90-B63C-A256BEB4885E}.Debug|Any CPU.ActiveCfg = Debug|Any CPU
		{83184250-B442-4A90-B63C-A256BEB4885E}.Debug|Any CPU.Build.0 = Debug|Any CPU
		{83184250-B442-4A90-B63C-A256BEB4885E}.Release|Any CPU.ActiveCfg = Release|Any CPU
		{83184250-B442-4A90-B63C-A256BEB4885E}.Release|Any CPU.Build.0 = Release|Any CPU
		{D0D915B8-BFE4-4C1E-83D5-7B07FECD2CB5}.Debug|Any CPU.ActiveCfg = Debug|Any CPU
		{D0D915B8-BFE4-4C1E-83D5-7B07FECD2CB5}.Debug|Any CPU.Build.0 = Debug|Any CPU
		{D0D915B8-BFE4-4C1E-83D5-7B07FECD2CB5}.Release|Any CPU.ActiveCfg = Release|Any CPU
		{D0D915B8-BFE4-4C1E-83D5-7B07FECD2CB5}.Release|Any CPU.Build.0 = Release|Any CPU
		{B2229B2A-3B6E-4F45-9E62-504BACBA812F}.Debug|Any CPU.ActiveCfg = Debug|Any CPU
		{B2229B2A-3B6E-4F45-9E62-504BACBA812F}.Debug|Any CPU.Build.0 = Debug|Any CPU
		{B2229B2A-3B6E-4F45-9E62-504BACBA812F}.Release|Any CPU.ActiveCfg = Release|Any CPU
		{B2229B2A-3B6E-4F45-9E62-504BACBA812F}.Release|Any CPU.Build.0 = Release|Any CPU
		{FD056B87-2499-4BF0-9E99-5046A8DFF593}.Debug|Any CPU.ActiveCfg = Debug|Any CPU
		{FD056B87-2499-4BF0-9E99-5046A8DFF593}.Debug|Any CPU.Build.0 = Debug|Any CPU
		{FD056B87-2499-4BF0-9E99-5046A8DFF593}.Release|Any CPU.ActiveCfg = Release|Any CPU
		{FD056B87-2499-4BF0-9E99-5046A8DFF593}.Release|Any CPU.Build.0 = Release|Any CPU
		{AEB2C258-7EC1-4F7E-B2F3-78F8B4862A12}.Debug|Any CPU.ActiveCfg = Debug|Any CPU
		{AEB2C258-7EC1-4F7E-B2F3-78F8B4862A12}.Debug|Any CPU.Build.0 = Debug|Any CPU
		{AEB2C258-7EC1-4F7E-B2F3-78F8B4862A12}.Release|Any CPU.ActiveCfg = Release|Any CPU
		{AEB2C258-7EC1-4F7E-B2F3-78F8B4862A12}.Release|Any CPU.Build.0 = Release|Any CPU
		{347ABBBF-2BD2-4263-A275-527F6EBB49B7}.Debug|Any CPU.ActiveCfg = Debug|Any CPU
		{347ABBBF-2BD2-4263-A275-527F6EBB49B7}.Debug|Any CPU.Build.0 = Debug|Any CPU
		{347ABBBF-2BD2-4263-A275-527F6EBB49B7}.Release|Any CPU.ActiveCfg = Release|Any CPU
		{347ABBBF-2BD2-4263-A275-527F6EBB49B7}.Release|Any CPU.Build.0 = Release|Any CPU
	EndGlobalSection
	GlobalSection(SolutionProperties) = preSolution
		HideSolutionNode = FALSE
	EndGlobalSection
	GlobalSection(ExtensibilityGlobals) = postSolution
		SolutionGuid = {A963CDF0-CD6A-44E2-82D6-3CDC6278D2C7}
	EndGlobalSection
EndGlobal
